
Microsoft Visual Studio Solution File, Format Version 12.00
# Visual Studio 15
Project("{FAE04EC0-301F-11D3-BF4B-00C04F79EFBC}") = "Unity.Timeline", "Unity.Timeline.csproj", "{52CAC94C-8254-4EED-B0D1-52115BB04300}"
EndProject
Project("{FAE04EC0-301F-11D3-BF4B-00C04F79EFBC}") = "Unity.Timeline.Editor", "Unity.Timeline.Editor.csproj", "{54D4E5DC-FAEB-F8EB-BCDF-B86F07409537}"
EndProject
Project("{FAE04EC0-301F-11D3-BF4B-00C04F79EFBC}") = "Unity.TextMeshPro.Editor", "Unity.TextMeshPro.Editor.csproj", "{98E6F27E-B31A-2072-BFAA-D107112AFDBE}"
EndProject
Project("{FAE04EC0-301F-11D3-BF4B-00C04F79EFBC}") = "Unity.XR.Management", "Unity.XR.Management.csproj", "{9D831E54-DD01-3334-1C6D-88E6E86D6C8B}"
EndProject
Project("{FAE04EC0-301F-11D3-BF4B-00C04F79EFBC}") = "VRC.Udon.Serialization.OdinSerializer", "VRC.Udon.Serialization.OdinSerializer.csproj", "{9573AD1E-1740-A1E2-3B62-903758B107F1}"
EndProject
Project("{FAE04EC0-301F-11D3-BF4B-00C04F79EFBC}") = "AmplifyShaderEditor", "AmplifyShaderEditor.csproj", "{940FC199-8A29-3A7F-DEEA-97C58C53AAC1}"
EndProject
Project("{FAE04EC0-301F-11D3-BF4B-00C04F79EFBC}") = "UnityEditor.UI", "UnityEditor.UI.csproj", "{9BCB6C72-669A-A9ED-3F99-54E6E72C2640}"
EndProject
Project("{FAE04EC0-301F-11D3-BF4B-00C04F79EFBC}") = "Unity.InputSystem", "Unity.InputSystem.csproj", "{3A3F0BC6-2B63-F162-3688-03FA124E8975}"
EndProject
Project("{FAE04EC0-301F-11D3-BF4B-00C04F79EFBC}") = "Unity.Mathematics", "Unity.Mathematics.csproj", "{9D2BE8F1-C865-89AB-C5A5-E61176A1BBF7}"
EndProject
Project("{FAE04EC0-301F-11D3-BF4B-00C04F79EFBC}") = "Cinemachine", "Cinemachine.csproj", "{EF1709A7-DECB-D291-FB23-71E03C1D08E0}"
EndProject
Project("{FAE04EC0-301F-11D3-BF4B-00C04F79EFBC}") = "Unity.Collections", "Unity.Collections.csproj", "{31070B05-7741-1A9E-B89A-90EBA2EC4504}"
EndProject
Project("{FAE04EC0-301F-11D3-BF4B-00C04F79EFBC}") = "UdonSharp.Editor", "UdonSharp.Editor.csproj", "{F3F7DD3C-534A-3161-009B-C15765071805}"
EndProject
Project("{FAE04EC0-301F-11D3-BF4B-00C04F79EFBC}") = "UnityEditor.TestRunner", "UnityEditor.TestRunner.csproj", "{AFFA02E1-EAC3-31B2-7C3B-64D4001CDB6A}"
EndProject
Project("{FAE04EC0-301F-11D3-BF4B-00C04F79EFBC}") = "VRC.Udon.Editor", "VRC.Udon.Editor.csproj", "{CBF8E770-4302-F621-5452-6D863300CC24}"
EndProject
Project("{FAE04EC0-301F-11D3-BF4B-00C04F79EFBC}") = "VRC.SDKBase.Editor", "VRC.SDKBase.Editor.csproj", "{3E6C7A64-1461-C171-93CE-AFBA1A01BE6E}"
EndProject
Project("{FAE04EC0-301F-11D3-BF4B-00C04F79EFBC}") = "UnityEngine.TestRunner", "UnityEngine.TestRunner.csproj", "{E624640C-A6CB-162E-E7D6-8ABD8FAFB55A}"
EndProject
Project("{FAE04EC0-301F-11D3-BF4B-00C04F79EFBC}") = "UniTask", "UniTask.csproj", "{4B5505CD-28E6-7007-9DAA-E3281C868282}"
EndProject
Project("{FAE04EC0-301F-11D3-BF4B-00C04F79EFBC}") = "VRC.ClientSim", "VRC.ClientSim.csproj", "{B7D73AC6-D948-EEDA-308A-7ED616DECF3F}"
EndProject
Project("{FAE04EC0-301F-11D3-BF4B-00C04F79EFBC}") = "UniTask.Linq", "UniTask.Linq.csproj", "{9082A8F1-F948-8D6D-9FF7-B0787E213CF4}"
EndProject
Project("{FAE04EC0-301F-11D3-BF4B-00C04F79EFBC}") = "Unity.Burst", "Unity.Burst.csproj", "{74E398DD-102A-99BF-AD1C-82357337FF5E}"
EndProject
Project("{FAE04EC0-301F-11D3-BF4B-00C04F79EFBC}") = "VRC.SDKBase", "VRC.SDKBase.csproj", "{B767C5E4-FFDF-ACA8-A5B7-14842FBE5AC5}"
EndProject
Project("{FAE04EC0-301F-11D3-BF4B-00C04F79EFBC}") = "Unity.XR.Management.Editor", "Unity.XR.Management.Editor.csproj", "{DD6CC5C3-C561-9594-42C7-64C844B041B0}"
EndProject
Project("{FAE04EC0-301F-11D3-BF4B-00C04F79EFBC}") = "ThryAssemblyDefinition", "ThryAssemblyDefinition.csproj", "{E656C78A-D9D1-EA55-1564-C0D1A4779C47}"
EndProject
Project("{FAE04EC0-301F-11D3-BF4B-00C04F79EFBC}") = "Unity.XR.Oculus", "Unity.XR.Oculus.csproj", "{54E91372-25B2-8126-412E-797DB525F5FF}"
EndProject
Project("{FAE04EC0-301F-11D3-BF4B-00C04F79EFBC}") = "UnityEngine.UI", "UnityEngine.UI.csproj", "{C509841E-78AE-FE1D-C0F4-A07CF49D8F25}"
EndProject
Project("{FAE04EC0-301F-11D3-BF4B-00C04F79EFBC}") = "VRC.ClientSim.Editor", "VRC.ClientSim.Editor.csproj", "{1B328DE3-EEAC-F8DF-47DC-A1BCDA5FAB72}"
EndProject
Project("{FAE04EC0-301F-11D3-BF4B-00C04F79EFBC}") = "VRC.SDK3", "VRC.SDK3.csproj", "{32C98D7D-75DE-7C8D-60B8-EB0A4B186163}"
EndProject
Project("{FAE04EC0-301F-11D3-BF4B-00C04F79EFBC}") = "Unity.VisualStudio.Editor", "Unity.VisualStudio.Editor.csproj", "{D2366CB4-F9E4-6AED-8360-AF0C059DB993}"
EndProject
Project("{FAE04EC0-301F-11D3-BF4B-00C04F79EFBC}") = "Unity.XR.Oculus.Editor", "Unity.XR.Oculus.Editor.csproj", "{D49E48F2-8E41-69EC-2D93-6572206773F0}"
EndProject
Project("{FAE04EC0-301F-11D3-BF4B-00C04F79EFBC}") = "com.unity.cinemachine.editor", "com.unity.cinemachine.editor.csproj", "{A0602B25-3BEA-3365-11D4-8D6AD68918D7}"
EndProject
Project("{FAE04EC0-301F-11D3-BF4B-00C04F79EFBC}") = "VRC.SDK3.Editor", "VRC.SDK3.Editor.csproj", "{4B4CB0A2-A8A0-B058-78AA-72325FD7636B}"
EndProject
Project("{FAE04EC0-301F-11D3-BF4B-00C04F79EFBC}") = "Unity.Rider.Editor", "Unity.Rider.Editor.csproj", "{1ACCD7DF-F0F8-7669-D2FE-1B1BE13B912D}"
EndProject
Project("{FAE04EC0-301F-11D3-BF4B-00C04F79EFBC}") = "Unity.Postprocessing.Runtime", "Unity.Postprocessing.Runtime.csproj", "{9D25D776-EEA6-BE58-E8D4-8B607809EA4C}"
EndProject
Project("{FAE04EC0-301F-11D3-BF4B-00C04F79EFBC}") = "UniTask.DOTween", "UniTask.DOTween.csproj", "{444C68A5-5B36-F114-C024-588A0477EE3F}"
EndProject
Project("{FAE04EC0-301F-11D3-BF4B-00C04F79EFBC}") = "UnityEditor.XR.LegacyInputHelpers", "UnityEditor.XR.LegacyInputHelpers.csproj", "{03E7D9F1-126B-4844-524A-CC851701811A}"
EndProject
Project("{FAE04EC0-301F-11D3-BF4B-00C04F79EFBC}") = "Unity.Burst.CodeGen", "Unity.Burst.CodeGen.csproj", "{82BEC394-7672-2729-1840-B80D81818266}"
EndProject
Project("{FAE04EC0-301F-11D3-BF4B-00C04F79EFBC}") = "UnityEditorTests", "UnityEditorTests.csproj", "{F758CFCB-0845-821C-6DEC-599D5F908539}"
EndProject
Project("{FAE04EC0-301F-11D3-BF4B-00C04F79EFBC}") = "Unity.Postprocessing.Editor", "Unity.Postprocessing.Editor.csproj", "{9BB3FBC0-970B-DDF6-C1D0-D9F1E429774F}"
EndProject
Project("{FAE04EC0-301F-11D3-BF4B-00C04F79EFBC}") = "Unity.TextMeshPro", "Unity.TextMeshPro.csproj", "{1322DA7D-2F8D-A577-72A1-6ECFDDC99255}"
EndProject
Project("{FAE04EC0-301F-11D3-BF4B-00C04F79EFBC}") = "VRC.Udon", "VRC.Udon.csproj", "{FBB6E02F-4325-EE45-3CEF-A0ACB7C34D9D}"
EndProject
Project("{FAE04EC0-301F-11D3-BF4B-00C04F79EFBC}") = "Unity.VSCode.Editor", "Unity.VSCode.Editor.csproj", "{74509A39-6FF3-ABA9-149D-6F0714F6A4CF}"
EndProject
Project("{FAE04EC0-301F-11D3-BF4B-00C04F79EFBC}") = "Assembly-CSharp", "Assembly-CSharp.csproj", "{77037963-DD6A-E252-3927-BF5B978C17B8}"
EndProject
Project("{FAE04EC0-301F-11D3-BF4B-00C04F79EFBC}") = "Unity.Burst.Editor", "Unity.Burst.Editor.csproj", "{93BCE44D-A304-971D-CD17-634C95978D2E}"
EndProject
Project("{FAE04EC0-301F-11D3-BF4B-00C04F79EFBC}") = "Poi.Tools", "Poi.Tools.csproj", "{B1E0247E-75B5-3767-4CB9-D5F6934D18BB}"
EndProject
Project("{FAE04EC0-301F-11D3-BF4B-00C04F79EFBC}") = "UnityEditor.SpatialTracking", "UnityEditor.SpatialTracking.csproj", "{6BDCDEF1-0E41-BBF1-53B6-D3C2A741187E}"
EndProject
Project("{FAE04EC0-301F-11D3-BF4B-00C04F79EFBC}") = "com.vrchat.core.vpm-resolver.Editor", "com.vrchat.core.vpm-resolver.Editor.csproj", "{8DB0A2F3-B9A7-E48E-2FA7-42A3B3E4CC8E}"
EndProject
Project("{FAE04EC0-301F-11D3-BF4B-00C04F79EFBC}") = "VRC.SDKBase.Editor.ShaderStripping", "VRC.SDKBase.Editor.ShaderStripping.csproj", "{5E1FA1A0-D62D-00BC-7F57-8CF85CEA150D}"
EndProject
Project("{FAE04EC0-301F-11D3-BF4B-00C04F79EFBC}") = "UdonSharp.Runtime", "UdonSharp.Runtime.csproj", "{C0E15A2F-3E92-3728-201A-585E3A8229C8}"
EndProject
Project("{FAE04EC0-301F-11D3-BF4B-00C04F79EFBC}") = "UnityEngine.SpatialTracking", "UnityEngine.SpatialTracking.csproj", "{C20591E0-7C49-C982-62B4-CFDFB2A3A73E}"
EndProject
Project("{FAE04EC0-301F-11D3-BF4B-00C04F79EFBC}") = "UniTask.Editor", "UniTask.Editor.csproj", "{1A9D3A2E-AD10-23A5-4071-00F907019AFC}"
EndProject
Project("{FAE04EC0-301F-11D3-BF4B-00C04F79EFBC}") = "Assembly-CSharp-Editor", "Assembly-CSharp-Editor.csproj", "{4FF2A33E-76AE-EF5E-03B6-2F6301F0136A}"
EndProject
Project("{FAE04EC0-301F-11D3-BF4B-00C04F79EFBC}") = "com.happyrobot33.fpscontroller.editor", "com.happyrobot33.fpscontroller.editor.csproj", "{15C2EFAA-CC7A-250D-6AD3-B1B745855310}"
EndProject
Project("{FAE04EC0-301F-11D3-BF4B-00C04F79EFBC}") = "Unity.InputSystem.ForUI", "Unity.InputSystem.ForUI.csproj", "{50061C99-5D55-78AF-285B-301AF87BBB20}"
EndProject
Project("{FAE04EC0-301F-11D3-BF4B-00C04F79EFBC}") = "Unity.Collections.CodeGen", "Unity.Collections.CodeGen.csproj", "{6137858F-B612-E5A7-B668-553A63402996}"
EndProject
Project("{FAE04EC0-301F-11D3-BF4B-00C04F79EFBC}") = "Unity.Mathematics.Editor", "Unity.Mathematics.Editor.csproj", "{B78A8AF1-F4AF-9F8E-D70C-79A9EAEEB9ED}"
EndProject
Project("{FAE04EC0-301F-11D3-BF4B-00C04F79EFBC}") = "UdonSharp.Lib", "UdonSharp.Lib.csproj", "{ADF43F7F-1704-B90F-B0F4-050E25F141E9}"
EndProject
Project("{FAE04EC0-301F-11D3-BF4B-00C04F79EFBC}") = "VRC.SDKBase.Editor.BuildPipeline", "VRC.SDKBase.Editor.BuildPipeline.csproj", "{D29B4669-A1B2-B53C-9928-E8048CD9E6FA}"
EndProject
Project("{FAE04EC0-301F-11D3-BF4B-00C04F79EFBC}") = "Unity.Collections.Editor", "Unity.Collections.Editor.csproj", "{1A558AFF-AD83-30C5-8FE4-18F52D1FAA2B}"
EndProject
Project("{FAE04EC0-301F-11D3-BF4B-00C04F79EFBC}") = "Unity.InputSystem.TestFramework", "Unity.InputSystem.TestFramework.csproj", "{E1CD3A2F-7441-3A2D-7A85-A8025FAD8240}"
EndProject
Project("{FAE04EC0-301F-11D3-BF4B-00C04F79EFBC}") = "UnityEngine.XR.LegacyInputHelpers", "UnityEngine.XR.LegacyInputHelpers.csproj", "{6716C9F3-7CA5-B174-E04D-C056AE45643C}"
EndProject
Project("{FAE04EC0-301F-11D3-BF4B-00C04F79EFBC}") = "UniTask.Addressables", "UniTask.Addressables.csproj", "{A2A36F3A-C656-6383-8B1F-77781FA18C7F}"
EndProject
Project("{FAE04EC0-301F-11D3-BF4B-00C04F79EFBC}") = "UniTask.TextMeshPro", "UniTask.TextMeshPro.csproj", "{AEC58C6F-7ABB-97D8-7585-C734DB0487E1}"
EndProject
Global
	GlobalSection(SolutionConfigurationPlatforms) = preSolution
		Debug|Any CPU = Debug|Any CPU
		Release|Any CPU = Release|Any CPU
	EndGlobalSection
	GlobalSection(ProjectConfigurationPlatforms) = postSolution
		{52CAC94C-8254-4EED-B0D1-52115BB04300}.Debug|Any CPU.ActiveCfg = Debug|Any CPU
		{52CAC94C-8254-4EED-B0D1-52115BB04300}.Debug|Any CPU.Build.0 = Debug|Any CPU
		{52CAC94C-8254-4EED-B0D1-52115BB04300}.Release|Any CPU.ActiveCfg = Release|Any CPU
		{52CAC94C-8254-4EED-B0D1-52115BB04300}.Release|Any CPU.Build.0 = Release|Any CPU
		{54D4E5DC-FAEB-F8EB-BCDF-B86F07409537}.Debug|Any CPU.ActiveCfg = Debug|Any CPU
		{54D4E5DC-FAEB-F8EB-BCDF-B86F07409537}.Debug|Any CPU.Build.0 = Debug|Any CPU
		{54D4E5DC-FAEB-F8EB-BCDF-B86F07409537}.Release|Any CPU.ActiveCfg = Release|Any CPU
		{54D4E5DC-FAEB-F8EB-BCDF-B86F07409537}.Release|Any CPU.Build.0 = Release|Any CPU
		{98E6F27E-B31A-2072-BFAA-D107112AFDBE}.Debug|Any CPU.ActiveCfg = Debug|Any CPU
		{98E6F27E-B31A-2072-BFAA-D107112AFDBE}.Debug|Any CPU.Build.0 = Debug|Any CPU
		{98E6F27E-B31A-2072-BFAA-D107112AFDBE}.Release|Any CPU.ActiveCfg = Release|Any CPU
		{98E6F27E-B31A-2072-BFAA-D107112AFDBE}.Release|Any CPU.Build.0 = Release|Any CPU
		{9D831E54-DD01-3334-1C6D-88E6E86D6C8B}.Debug|Any CPU.ActiveCfg = Debug|Any CPU
		{9D831E54-DD01-3334-1C6D-88E6E86D6C8B}.Debug|Any CPU.Build.0 = Debug|Any CPU
		{9D831E54-DD01-3334-1C6D-88E6E86D6C8B}.Release|Any CPU.ActiveCfg = Release|Any CPU
		{9D831E54-DD01-3334-1C6D-88E6E86D6C8B}.Release|Any CPU.Build.0 = Release|Any CPU
		{9573AD1E-1740-A1E2-3B62-903758B107F1}.Debug|Any CPU.ActiveCfg = Debug|Any CPU
		{9573AD1E-1740-A1E2-3B62-903758B107F1}.Debug|Any CPU.Build.0 = Debug|Any CPU
		{9573AD1E-1740-A1E2-3B62-903758B107F1}.Release|Any CPU.ActiveCfg = Release|Any CPU
		{9573AD1E-1740-A1E2-3B62-903758B107F1}.Release|Any CPU.Build.0 = Release|Any CPU
		{940FC199-8A29-3A7F-DEEA-97C58C53AAC1}.Debug|Any CPU.ActiveCfg = Debug|Any CPU
		{940FC199-8A29-3A7F-DEEA-97C58C53AAC1}.Debug|Any CPU.Build.0 = Debug|Any CPU
		{940FC199-8A29-3A7F-DEEA-97C58C53AAC1}.Release|Any CPU.ActiveCfg = Release|Any CPU
		{940FC199-8A29-3A7F-DEEA-97C58C53AAC1}.Release|Any CPU.Build.0 = Release|Any CPU
		{9BCB6C72-669A-A9ED-3F99-54E6E72C2640}.Debug|Any CPU.ActiveCfg = Debug|Any CPU
		{9BCB6C72-669A-A9ED-3F99-54E6E72C2640}.Debug|Any CPU.Build.0 = Debug|Any CPU
		{9BCB6C72-669A-A9ED-3F99-54E6E72C2640}.Release|Any CPU.ActiveCfg = Release|Any CPU
		{9BCB6C72-669A-A9ED-3F99-54E6E72C2640}.Release|Any CPU.Build.0 = Release|Any CPU
		{3A3F0BC6-2B63-F162-3688-03FA124E8975}.Debug|Any CPU.ActiveCfg = Debug|Any CPU
		{3A3F0BC6-2B63-F162-3688-03FA124E8975}.Debug|Any CPU.Build.0 = Debug|Any CPU
		{3A3F0BC6-2B63-F162-3688-03FA124E8975}.Release|Any CPU.ActiveCfg = Release|Any CPU
		{3A3F0BC6-2B63-F162-3688-03FA124E8975}.Release|Any CPU.Build.0 = Release|Any CPU
		{9D2BE8F1-C865-89AB-C5A5-E61176A1BBF7}.Debug|Any CPU.ActiveCfg = Debug|Any CPU
		{9D2BE8F1-C865-89AB-C5A5-E61176A1BBF7}.Debug|Any CPU.Build.0 = Debug|Any CPU
		{9D2BE8F1-C865-89AB-C5A5-E61176A1BBF7}.Release|Any CPU.ActiveCfg = Release|Any CPU
		{9D2BE8F1-C865-89AB-C5A5-E61176A1BBF7}.Release|Any CPU.Build.0 = Release|Any CPU
		{EF1709A7-DECB-D291-FB23-71E03C1D08E0}.Debug|Any CPU.ActiveCfg = Debug|Any CPU
		{EF1709A7-DECB-D291-FB23-71E03C1D08E0}.Debug|Any CPU.Build.0 = Debug|Any CPU
		{EF1709A7-DECB-D291-FB23-71E03C1D08E0}.Release|Any CPU.ActiveCfg = Release|Any CPU
		{EF1709A7-DECB-D291-FB23-71E03C1D08E0}.Release|Any CPU.Build.0 = Release|Any CPU
		{31070B05-7741-1A9E-B89A-90EBA2EC4504}.Debug|Any CPU.ActiveCfg = Debug|Any CPU
		{31070B05-7741-1A9E-B89A-90EBA2EC4504}.Debug|Any CPU.Build.0 = Debug|Any CPU
		{31070B05-7741-1A9E-B89A-90EBA2EC4504}.Release|Any CPU.ActiveCfg = Release|Any CPU
		{31070B05-7741-1A9E-B89A-90EBA2EC4504}.Release|Any CPU.Build.0 = Release|Any CPU
		{F3F7DD3C-534A-3161-009B-C15765071805}.Debug|Any CPU.ActiveCfg = Debug|Any CPU
		{F3F7DD3C-534A-3161-009B-C15765071805}.Debug|Any CPU.Build.0 = Debug|Any CPU
		{F3F7DD3C-534A-3161-009B-C15765071805}.Release|Any CPU.ActiveCfg = Release|Any CPU
		{F3F7DD3C-534A-3161-009B-C15765071805}.Release|Any CPU.Build.0 = Release|Any CPU
		{AFFA02E1-EAC3-31B2-7C3B-64D4001CDB6A}.Debug|Any CPU.ActiveCfg = Debug|Any CPU
		{AFFA02E1-EAC3-31B2-7C3B-64D4001CDB6A}.Debug|Any CPU.Build.0 = Debug|Any CPU
		{AFFA02E1-EAC3-31B2-7C3B-64D4001CDB6A}.Release|Any CPU.ActiveCfg = Release|Any CPU
		{AFFA02E1-EAC3-31B2-7C3B-64D4001CDB6A}.Release|Any CPU.Build.0 = Release|Any CPU
		{CBF8E770-4302-F621-5452-6D863300CC24}.Debug|Any CPU.ActiveCfg = Debug|Any CPU
		{CBF8E770-4302-F621-5452-6D863300CC24}.Debug|Any CPU.Build.0 = Debug|Any CPU
		{CBF8E770-4302-F621-5452-6D863300CC24}.Release|Any CPU.ActiveCfg = Release|Any CPU
		{CBF8E770-4302-F621-5452-6D863300CC24}.Release|Any CPU.Build.0 = Release|Any CPU
		{3E6C7A64-1461-C171-93CE-AFBA1A01BE6E}.Debug|Any CPU.ActiveCfg = Debug|Any CPU
		{3E6C7A64-1461-C171-93CE-AFBA1A01BE6E}.Debug|Any CPU.Build.0 = Debug|Any CPU
		{3E6C7A64-1461-C171-93CE-AFBA1A01BE6E}.Release|Any CPU.ActiveCfg = Release|Any CPU
		{3E6C7A64-1461-C171-93CE-AFBA1A01BE6E}.Release|Any CPU.Build.0 = Release|Any CPU
		{E624640C-A6CB-162E-E7D6-8ABD8FAFB55A}.Debug|Any CPU.ActiveCfg = Debug|Any CPU
		{E624640C-A6CB-162E-E7D6-8ABD8FAFB55A}.Debug|Any CPU.Build.0 = Debug|Any CPU
		{E624640C-A6CB-162E-E7D6-8ABD8FAFB55A}.Release|Any CPU.ActiveCfg = Release|Any CPU
		{E624640C-A6CB-162E-E7D6-8ABD8FAFB55A}.Release|Any CPU.Build.0 = Release|Any CPU
		{4B5505CD-28E6-7007-9DAA-E3281C868282}.Debug|Any CPU.ActiveCfg = Debug|Any CPU
		{4B5505CD-28E6-7007-9DAA-E3281C868282}.Debug|Any CPU.Build.0 = Debug|Any CPU
		{4B5505CD-28E6-7007-9DAA-E3281C868282}.Release|Any CPU.ActiveCfg = Release|Any CPU
		{4B5505CD-28E6-7007-9DAA-E3281C868282}.Release|Any CPU.Build.0 = Release|Any CPU
		{B7D73AC6-D948-EEDA-308A-7ED616DECF3F}.Debug|Any CPU.ActiveCfg = Debug|Any CPU
		{B7D73AC6-D948-EEDA-308A-7ED616DECF3F}.Debug|Any CPU.Build.0 = Debug|Any CPU
		{B7D73AC6-D948-EEDA-308A-7ED616DECF3F}.Release|Any CPU.ActiveCfg = Release|Any CPU
		{B7D73AC6-D948-EEDA-308A-7ED616DECF3F}.Release|Any CPU.Build.0 = Release|Any CPU
		{9082A8F1-F948-8D6D-9FF7-B0787E213CF4}.Debug|Any CPU.ActiveCfg = Debug|Any CPU
		{9082A8F1-F948-8D6D-9FF7-B0787E213CF4}.Debug|Any CPU.Build.0 = Debug|Any CPU
		{9082A8F1-F948-8D6D-9FF7-B0787E213CF4}.Release|Any CPU.ActiveCfg = Release|Any CPU
		{9082A8F1-F948-8D6D-9FF7-B0787E213CF4}.Release|Any CPU.Build.0 = Release|Any CPU
		{74E398DD-102A-99BF-AD1C-82357337FF5E}.Debug|Any CPU.ActiveCfg = Debug|Any CPU
		{74E398DD-102A-99BF-AD1C-82357337FF5E}.Debug|Any CPU.Build.0 = Debug|Any CPU
		{74E398DD-102A-99BF-AD1C-82357337FF5E}.Release|Any CPU.ActiveCfg = Release|Any CPU
		{74E398DD-102A-99BF-AD1C-82357337FF5E}.Release|Any CPU.Build.0 = Release|Any CPU
		{B767C5E4-FFDF-ACA8-A5B7-14842FBE5AC5}.Debug|Any CPU.ActiveCfg = Debug|Any CPU
		{B767C5E4-FFDF-ACA8-A5B7-14842FBE5AC5}.Debug|Any CPU.Build.0 = Debug|Any CPU
		{B767C5E4-FFDF-ACA8-A5B7-14842FBE5AC5}.Release|Any CPU.ActiveCfg = Release|Any CPU
		{B767C5E4-FFDF-ACA8-A5B7-14842FBE5AC5}.Release|Any CPU.Build.0 = Release|Any CPU
		{DD6CC5C3-C561-9594-42C7-64C844B041B0}.Debug|Any CPU.ActiveCfg = Debug|Any CPU
		{DD6CC5C3-C561-9594-42C7-64C844B041B0}.Debug|Any CPU.Build.0 = Debug|Any CPU
		{DD6CC5C3-C561-9594-42C7-64C844B041B0}.Release|Any CPU.ActiveCfg = Release|Any CPU
		{DD6CC5C3-C561-9594-42C7-64C844B041B0}.Release|Any CPU.Build.0 = Release|Any CPU
		{E656C78A-D9D1-EA55-1564-C0D1A4779C47}.Debug|Any CPU.ActiveCfg = Debug|Any CPU
		{E656C78A-D9D1-EA55-1564-C0D1A4779C47}.Debug|Any CPU.Build.0 = Debug|Any CPU
		{E656C78A-D9D1-EA55-1564-C0D1A4779C47}.Release|Any CPU.ActiveCfg = Release|Any CPU
		{E656C78A-D9D1-EA55-1564-C0D1A4779C47}.Release|Any CPU.Build.0 = Release|Any CPU
		{54E91372-25B2-8126-412E-797DB525F5FF}.Debug|Any CPU.ActiveCfg = Debug|Any CPU
		{54E91372-25B2-8126-412E-797DB525F5FF}.Debug|Any CPU.Build.0 = Debug|Any CPU
		{54E91372-25B2-8126-412E-797DB525F5FF}.Release|Any CPU.ActiveCfg = Release|Any CPU
		{54E91372-25B2-8126-412E-797DB525F5FF}.Release|Any CPU.Build.0 = Release|Any CPU
		{C509841E-78AE-FE1D-C0F4-A07CF49D8F25}.Debug|Any CPU.ActiveCfg = Debug|Any CPU
		{C509841E-78AE-FE1D-C0F4-A07CF49D8F25}.Debug|Any CPU.Build.0 = Debug|Any CPU
		{C509841E-78AE-FE1D-C0F4-A07CF49D8F25}.Release|Any CPU.ActiveCfg = Release|Any CPU
		{C509841E-78AE-FE1D-C0F4-A07CF49D8F25}.Release|Any CPU.Build.0 = Release|Any CPU
		{1B328DE3-EEAC-F8DF-47DC-A1BCDA5FAB72}.Debug|Any CPU.ActiveCfg = Debug|Any CPU
		{1B328DE3-EEAC-F8DF-47DC-A1BCDA5FAB72}.Debug|Any CPU.Build.0 = Debug|Any CPU
		{1B328DE3-EEAC-F8DF-47DC-A1BCDA5FAB72}.Release|Any CPU.ActiveCfg = Release|Any CPU
		{1B328DE3-EEAC-F8DF-47DC-A1BCDA5FAB72}.Release|Any CPU.Build.0 = Release|Any CPU
		{32C98D7D-75DE-7C8D-60B8-EB0A4B186163}.Debug|Any CPU.ActiveCfg = Debug|Any CPU
		{32C98D7D-75DE-7C8D-60B8-EB0A4B186163}.Debug|Any CPU.Build.0 = Debug|Any CPU
		{32C98D7D-75DE-7C8D-60B8-EB0A4B186163}.Release|Any CPU.ActiveCfg = Release|Any CPU
		{32C98D7D-75DE-7C8D-60B8-EB0A4B186163}.Release|Any CPU.Build.0 = Release|Any CPU
		{D2366CB4-F9E4-6AED-8360-AF0C059DB993}.Debug|Any CPU.ActiveCfg = Debug|Any CPU
		{D2366CB4-F9E4-6AED-8360-AF0C059DB993}.Debug|Any CPU.Build.0 = Debug|Any CPU
		{D2366CB4-F9E4-6AED-8360-AF0C059DB993}.Release|Any CPU.ActiveCfg = Release|Any CPU
		{D2366CB4-F9E4-6AED-8360-AF0C059DB993}.Release|Any CPU.Build.0 = Release|Any CPU
		{D49E48F2-8E41-69EC-2D93-6572206773F0}.Debug|Any CPU.ActiveCfg = Debug|Any CPU
		{D49E48F2-8E41-69EC-2D93-6572206773F0}.Debug|Any CPU.Build.0 = Debug|Any CPU
		{D49E48F2-8E41-69EC-2D93-6572206773F0}.Release|Any CPU.ActiveCfg = Release|Any CPU
		{D49E48F2-8E41-69EC-2D93-6572206773F0}.Release|Any CPU.Build.0 = Release|Any CPU
		{A0602B25-3BEA-3365-11D4-8D6AD68918D7}.Debug|Any CPU.ActiveCfg = Debug|Any CPU
		{A0602B25-3BEA-3365-11D4-8D6AD68918D7}.Debug|Any CPU.Build.0 = Debug|Any CPU
		{A0602B25-3BEA-3365-11D4-8D6AD68918D7}.Release|Any CPU.ActiveCfg = Release|Any CPU
		{A0602B25-3BEA-3365-11D4-8D6AD68918D7}.Release|Any CPU.Build.0 = Release|Any CPU
		{4B4CB0A2-A8A0-B058-78AA-72325FD7636B}.Debug|Any CPU.ActiveCfg = Debug|Any CPU
		{4B4CB0A2-A8A0-B058-78AA-72325FD7636B}.Debug|Any CPU.Build.0 = Debug|Any CPU
		{4B4CB0A2-A8A0-B058-78AA-72325FD7636B}.Release|Any CPU.ActiveCfg = Release|Any CPU
		{4B4CB0A2-A8A0-B058-78AA-72325FD7636B}.Release|Any CPU.Build.0 = Release|Any CPU
		{1ACCD7DF-F0F8-7669-D2FE-1B1BE13B912D}.Debug|Any CPU.ActiveCfg = Debug|Any CPU
		{1ACCD7DF-F0F8-7669-D2FE-1B1BE13B912D}.Debug|Any CPU.Build.0 = Debug|Any CPU
		{1ACCD7DF-F0F8-7669-D2FE-1B1BE13B912D}.Release|Any CPU.ActiveCfg = Release|Any CPU
		{1ACCD7DF-F0F8-7669-D2FE-1B1BE13B912D}.Release|Any CPU.Build.0 = Release|Any CPU
		{9D25D776-EEA6-BE58-E8D4-8B607809EA4C}.Debug|Any CPU.ActiveCfg = Debug|Any CPU
		{9D25D776-EEA6-BE58-E8D4-8B607809EA4C}.Debug|Any CPU.Build.0 = Debug|Any CPU
		{9D25D776-EEA6-BE58-E8D4-8B607809EA4C}.Release|Any CPU.ActiveCfg = Release|Any CPU
		{9D25D776-EEA6-BE58-E8D4-8B607809EA4C}.Release|Any CPU.Build.0 = Release|Any CPU
		{444C68A5-5B36-F114-C024-588A0477EE3F}.Debug|Any CPU.ActiveCfg = Debug|Any CPU
		{444C68A5-5B36-F114-C024-588A0477EE3F}.Debug|Any CPU.Build.0 = Debug|Any CPU
		{444C68A5-5B36-F114-C024-588A0477EE3F}.Release|Any CPU.ActiveCfg = Release|Any CPU
		{444C68A5-5B36-F114-C024-588A0477EE3F}.Release|Any CPU.Build.0 = Release|Any CPU
		{03E7D9F1-126B-4844-524A-CC851701811A}.Debug|Any CPU.ActiveCfg = Debug|Any CPU
		{03E7D9F1-126B-4844-524A-CC851701811A}.Debug|Any CPU.Build.0 = Debug|Any CPU
		{03E7D9F1-126B-4844-524A-CC851701811A}.Release|Any CPU.ActiveCfg = Release|Any CPU
		{03E7D9F1-126B-4844-524A-CC851701811A}.Release|Any CPU.Build.0 = Release|Any CPU
		{82BEC394-7672-2729-1840-B80D81818266}.Debug|Any CPU.ActiveCfg = Debug|Any CPU
		{82BEC394-7672-2729-1840-B80D81818266}.Debug|Any CPU.Build.0 = Debug|Any CPU
		{82BEC394-7672-2729-1840-B80D81818266}.Release|Any CPU.ActiveCfg = Release|Any CPU
		{82BEC394-7672-2729-1840-B80D81818266}.Release|Any CPU.Build.0 = Release|Any CPU
		{F758CFCB-0845-821C-6DEC-599D5F908539}.Debug|Any CPU.ActiveCfg = Debug|Any CPU
		{F758CFCB-0845-821C-6DEC-599D5F908539}.Debug|Any CPU.Build.0 = Debug|Any CPU
		{F758CFCB-0845-821C-6DEC-599D5F908539}.Release|Any CPU.ActiveCfg = Release|Any CPU
		{F758CFCB-0845-821C-6DEC-599D5F908539}.Release|Any CPU.Build.0 = Release|Any CPU
		{9BB3FBC0-970B-DDF6-C1D0-D9F1E429774F}.Debug|Any CPU.ActiveCfg = Debug|Any CPU
		{9BB3FBC0-970B-DDF6-C1D0-D9F1E429774F}.Debug|Any CPU.Build.0 = Debug|Any CPU
		{9BB3FBC0-970B-DDF6-C1D0-D9F1E429774F}.Release|Any CPU.ActiveCfg = Release|Any CPU
		{9BB3FBC0-970B-DDF6-C1D0-D9F1E429774F}.Release|Any CPU.Build.0 = Release|Any CPU
		{1322DA7D-2F8D-A577-72A1-6ECFDDC99255}.Debug|Any CPU.ActiveCfg = Debug|Any CPU
		{1322DA7D-2F8D-A577-72A1-6ECFDDC99255}.Debug|Any CPU.Build.0 = Debug|Any CPU
		{1322DA7D-2F8D-A577-72A1-6ECFDDC99255}.Release|Any CPU.ActiveCfg = Release|Any CPU
		{1322DA7D-2F8D-A577-72A1-6ECFDDC99255}.Release|Any CPU.Build.0 = Release|Any CPU
		{FBB6E02F-4325-EE45-3CEF-A0ACB7C34D9D}.Debug|Any CPU.ActiveCfg = Debug|Any CPU
		{FBB6E02F-4325-EE45-3CEF-A0ACB7C34D9D}.Debug|Any CPU.Build.0 = Debug|Any CPU
		{FBB6E02F-4325-EE45-3CEF-A0ACB7C34D9D}.Release|Any CPU.ActiveCfg = Release|Any CPU
		{FBB6E02F-4325-EE45-3CEF-A0ACB7C34D9D}.Release|Any CPU.Build.0 = Release|Any CPU
		{74509A39-6FF3-ABA9-149D-6F0714F6A4CF}.Debug|Any CPU.ActiveCfg = Debug|Any CPU
		{74509A39-6FF3-ABA9-149D-6F0714F6A4CF}.Debug|Any CPU.Build.0 = Debug|Any CPU
		{74509A39-6FF3-ABA9-149D-6F0714F6A4CF}.Release|Any CPU.ActiveCfg = Release|Any CPU
		{74509A39-6FF3-ABA9-149D-6F0714F6A4CF}.Release|Any CPU.Build.0 = Release|Any CPU
		{77037963-DD6A-E252-3927-BF5B978C17B8}.Debug|Any CPU.ActiveCfg = Debug|Any CPU
		{77037963-DD6A-E252-3927-BF5B978C17B8}.Debug|Any CPU.Build.0 = Debug|Any CPU
		{77037963-DD6A-E252-3927-BF5B978C17B8}.Release|Any CPU.ActiveCfg = Release|Any CPU
		{77037963-DD6A-E252-3927-BF5B978C17B8}.Release|Any CPU.Build.0 = Release|Any CPU
		{93BCE44D-A304-971D-CD17-634C95978D2E}.Debug|Any CPU.ActiveCfg = Debug|Any CPU
		{93BCE44D-A304-971D-CD17-634C95978D2E}.Debug|Any CPU.Build.0 = Debug|Any CPU
		{93BCE44D-A304-971D-CD17-634C95978D2E}.Release|Any CPU.ActiveCfg = Release|Any CPU
		{93BCE44D-A304-971D-CD17-634C95978D2E}.Release|Any CPU.Build.0 = Release|Any CPU
		{B1E0247E-75B5-3767-4CB9-D5F6934D18BB}.Debug|Any CPU.ActiveCfg = Debug|Any CPU
		{B1E0247E-75B5-3767-4CB9-D5F6934D18BB}.Debug|Any CPU.Build.0 = Debug|Any CPU
		{B1E0247E-75B5-3767-4CB9-D5F6934D18BB}.Release|Any CPU.ActiveCfg = Release|Any CPU
		{B1E0247E-75B5-3767-4CB9-D5F6934D18BB}.Release|Any CPU.Build.0 = Release|Any CPU
		{6BDCDEF1-0E41-BBF1-53B6-D3C2A741187E}.Debug|Any CPU.ActiveCfg = Debug|Any CPU
		{6BDCDEF1-0E41-BBF1-53B6-D3C2A741187E}.Debug|Any CPU.Build.0 = Debug|Any CPU
		{6BDCDEF1-0E41-BBF1-53B6-D3C2A741187E}.Release|Any CPU.ActiveCfg = Release|Any CPU
		{6BDCDEF1-0E41-BBF1-53B6-D3C2A741187E}.Release|Any CPU.Build.0 = Release|Any CPU
		{8DB0A2F3-B9A7-E48E-2FA7-42A3B3E4CC8E}.Debug|Any CPU.ActiveCfg = Debug|Any CPU
		{8DB0A2F3-B9A7-E48E-2FA7-42A3B3E4CC8E}.Debug|Any CPU.Build.0 = Debug|Any CPU
		{8DB0A2F3-B9A7-E48E-2FA7-42A3B3E4CC8E}.Release|Any CPU.ActiveCfg = Release|Any CPU
		{8DB0A2F3-B9A7-E48E-2FA7-42A3B3E4CC8E}.Release|Any CPU.Build.0 = Release|Any CPU
		{5E1FA1A0-D62D-00BC-7F57-8CF85CEA150D}.Debug|Any CPU.ActiveCfg = Debug|Any CPU
		{5E1FA1A0-D62D-00BC-7F57-8CF85CEA150D}.Debug|Any CPU.Build.0 = Debug|Any CPU
		{5E1FA1A0-D62D-00BC-7F57-8CF85CEA150D}.Release|Any CPU.ActiveCfg = Release|Any CPU
		{5E1FA1A0-D62D-00BC-7F57-8CF85CEA150D}.Release|Any CPU.Build.0 = Release|Any CPU
		{C0E15A2F-3E92-3728-201A-585E3A8229C8}.Debug|Any CPU.ActiveCfg = Debug|Any CPU
		{C0E15A2F-3E92-3728-201A-585E3A8229C8}.Debug|Any CPU.Build.0 = Debug|Any CPU
		{C0E15A2F-3E92-3728-201A-585E3A8229C8}.Release|Any CPU.ActiveCfg = Release|Any CPU
		{C0E15A2F-3E92-3728-201A-585E3A8229C8}.Release|Any CPU.Build.0 = Release|Any CPU
		{C20591E0-7C49-C982-62B4-CFDFB2A3A73E}.Debug|Any CPU.ActiveCfg = Debug|Any CPU
		{C20591E0-7C49-C982-62B4-CFDFB2A3A73E}.Debug|Any CPU.Build.0 = Debug|Any CPU
		{C20591E0-7C49-C982-62B4-CFDFB2A3A73E}.Release|Any CPU.ActiveCfg = Release|Any CPU
		{C20591E0-7C49-C982-62B4-CFDFB2A3A73E}.Release|Any CPU.Build.0 = Release|Any CPU
		{1A9D3A2E-AD10-23A5-4071-00F907019AFC}.Debug|Any CPU.ActiveCfg = Debug|Any CPU
		{1A9D3A2E-AD10-23A5-4071-00F907019AFC}.Debug|Any CPU.Build.0 = Debug|Any CPU
		{1A9D3A2E-AD10-23A5-4071-00F907019AFC}.Release|Any CPU.ActiveCfg = Release|Any CPU
		{1A9D3A2E-AD10-23A5-4071-00F907019AFC}.Release|Any CPU.Build.0 = Release|Any CPU
		{4FF2A33E-76AE-EF5E-03B6-2F6301F0136A}.Debug|Any CPU.ActiveCfg = Debug|Any CPU
		{4FF2A33E-76AE-EF5E-03B6-2F6301F0136A}.Debug|Any CPU.Build.0 = Debug|Any CPU
		{4FF2A33E-76AE-EF5E-03B6-2F6301F0136A}.Release|Any CPU.ActiveCfg = Release|Any CPU
		{4FF2A33E-76AE-EF5E-03B6-2F6301F0136A}.Release|Any CPU.Build.0 = Release|Any CPU
		{15C2EFAA-CC7A-250D-6AD3-B1B745855310}.Debug|Any CPU.ActiveCfg = Debug|Any CPU
		{15C2EFAA-CC7A-250D-6AD3-B1B745855310}.Debug|Any CPU.Build.0 = Debug|Any CPU
		{15C2EFAA-CC7A-250D-6AD3-B1B745855310}.Release|Any CPU.ActiveCfg = Release|Any CPU
		{15C2EFAA-CC7A-250D-6AD3-B1B745855310}.Release|Any CPU.Build.0 = Release|Any CPU
		{50061C99-5D55-78AF-285B-301AF87BBB20}.Debug|Any CPU.ActiveCfg = Debug|Any CPU
		{50061C99-5D55-78AF-285B-301AF87BBB20}.Debug|Any CPU.Build.0 = Debug|Any CPU
		{50061C99-5D55-78AF-285B-301AF87BBB20}.Release|Any CPU.ActiveCfg = Release|Any CPU
		{50061C99-5D55-78AF-285B-301AF87BBB20}.Release|Any CPU.Build.0 = Release|Any CPU
		{6137858F-B612-E5A7-B668-553A63402996}.Debug|Any CPU.ActiveCfg = Debug|Any CPU
		{6137858F-B612-E5A7-B668-553A63402996}.Debug|Any CPU.Build.0 = Debug|Any CPU
		{6137858F-B612-E5A7-B668-553A63402996}.Release|Any CPU.ActiveCfg = Release|Any CPU
		{6137858F-B612-E5A7-B668-553A63402996}.Release|Any CPU.Build.0 = Release|Any CPU
		{B78A8AF1-F4AF-9F8E-D70C-79A9EAEEB9ED}.Debug|Any CPU.ActiveCfg = Debug|Any CPU
		{B78A8AF1-F4AF-9F8E-D70C-79A9EAEEB9ED}.Debug|Any CPU.Build.0 = Debug|Any CPU
		{B78A8AF1-F4AF-9F8E-D70C-79A9EAEEB9ED}.Release|Any CPU.ActiveCfg = Release|Any CPU
		{B78A8AF1-F4AF-9F8E-D70C-79A9EAEEB9ED}.Release|Any CPU.Build.0 = Release|Any CPU
		{ADF43F7F-1704-B90F-B0F4-050E25F141E9}.Debug|Any CPU.ActiveCfg = Debug|Any CPU
		{ADF43F7F-1704-B90F-B0F4-050E25F141E9}.Debug|Any CPU.Build.0 = Debug|Any CPU
		{ADF43F7F-1704-B90F-B0F4-050E25F141E9}.Release|Any CPU.ActiveCfg = Release|Any CPU
		{ADF43F7F-1704-B90F-B0F4-050E25F141E9}.Release|Any CPU.Build.0 = Release|Any CPU
		{D29B4669-A1B2-B53C-9928-E8048CD9E6FA}.Debug|Any CPU.ActiveCfg = Debug|Any CPU
		{D29B4669-A1B2-B53C-9928-E8048CD9E6FA}.Debug|Any CPU.Build.0 = Debug|Any CPU
		{D29B4669-A1B2-B53C-9928-E8048CD9E6FA}.Release|Any CPU.ActiveCfg = Release|Any CPU
		{D29B4669-A1B2-B53C-9928-E8048CD9E6FA}.Release|Any CPU.Build.0 = Release|Any CPU
		{1A558AFF-AD83-30C5-8FE4-18F52D1FAA2B}.Debug|Any CPU.ActiveCfg = Debug|Any CPU
		{1A558AFF-AD83-30C5-8FE4-18F52D1FAA2B}.Debug|Any CPU.Build.0 = Debug|Any CPU
		{1A558AFF-AD83-30C5-8FE4-18F52D1FAA2B}.Release|Any CPU.ActiveCfg = Release|Any CPU
		{1A558AFF-AD83-30C5-8FE4-18F52D1FAA2B}.Release|Any CPU.Build.0 = Release|Any CPU
		{E1CD3A2F-7441-3A2D-7A85-A8025FAD8240}.Debug|Any CPU.ActiveCfg = Debug|Any CPU
		{E1CD3A2F-7441-3A2D-7A85-A8025FAD8240}.Debug|Any CPU.Build.0 = Debug|Any CPU
		{E1CD3A2F-7441-3A2D-7A85-A8025FAD8240}.Release|Any CPU.ActiveCfg = Release|Any CPU
		{E1CD3A2F-7441-3A2D-7A85-A8025FAD8240}.Release|Any CPU.Build.0 = Release|Any CPU
		{6716C9F3-7CA5-B174-E04D-C056AE45643C}.Debug|Any CPU.ActiveCfg = Debug|Any CPU
		{6716C9F3-7CA5-B174-E04D-C056AE45643C}.Debug|Any CPU.Build.0 = Debug|Any CPU
		{6716C9F3-7CA5-B174-E04D-C056AE45643C}.Release|Any CPU.ActiveCfg = Release|Any CPU
		{6716C9F3-7CA5-B174-E04D-C056AE45643C}.Release|Any CPU.Build.0 = Release|Any CPU
		{A2A36F3A-C656-6383-8B1F-77781FA18C7F}.Debug|Any CPU.ActiveCfg = Debug|Any CPU
		{A2A36F3A-C656-6383-8B1F-77781FA18C7F}.Debug|Any CPU.Build.0 = Debug|Any CPU
		{A2A36F3A-C656-6383-8B1F-77781FA18C7F}.Release|Any CPU.ActiveCfg = Release|Any CPU
		{A2A36F3A-C656-6383-8B1F-77781FA18C7F}.Release|Any CPU.Build.0 = Release|Any CPU
		{AEC58C6F-7ABB-97D8-7585-C734DB0487E1}.Debug|Any CPU.ActiveCfg = Debug|Any CPU
		{AEC58C6F-7ABB-97D8-7585-C734DB0487E1}.Debug|Any CPU.Build.0 = Debug|Any CPU
		{AEC58C6F-7ABB-97D8-7585-C734DB0487E1}.Release|Any CPU.ActiveCfg = Release|Any CPU
		{AEC58C6F-7ABB-97D8-7585-C734DB0487E1}.Release|Any CPU.Build.0 = Release|Any CPU
	EndGlobalSection
	GlobalSection(SolutionProperties) = preSolution
		HideSolutionNode = FALSE
	EndGlobalSection
EndGlobal
