
Microsoft Visual Studio Solution File, Format Version 12.00
# Visual Studio 15
Project("{FAE04EC0-301F-11D3-BF4B-00C04F79EFBC}") = "Unity.Timeline", "Unity.Timeline.csproj", "{0BB574CB-8FAA-E512-EA6C-BC24D2E00D0B}"
EndProject
Project("{FAE04EC0-301F-11D3-BF4B-00C04F79EFBC}") = "Unity.Timeline.Editor", "Unity.Timeline.Editor.csproj", "{E9BEEA36-5AA3-9CCE-8D47-2478EB15616E}"
EndProject
Project("{FAE04EC0-301F-11D3-BF4B-00C04F79EFBC}") = "Unity.TextMeshPro.Editor", "Unity.TextMeshPro.Editor.csproj", "{15BF8489-5E9B-06BA-ABD2-B2A3E0854207}"
EndProject
Project("{FAE04EC0-301F-11D3-BF4B-00C04F79EFBC}") = "Unity.XR.Management", "Unity.XR.Management.csproj", "{FB096E28-5CBD-5C94-48A3-DC59526EF2FC}"
EndProject
Project("{FAE04EC0-301F-11D3-BF4B-00C04F79EFBC}") = "VRC.Udon.Serialization.OdinSerializer", "VRC.Udon.Serialization.OdinSerializer.csproj", "{FF8482D4-9F0D-BCF1-EE6F-9CD722C07F8D}"
EndProject
Project("{FAE04EC0-301F-11D3-BF4B-00C04F79EFBC}") = "AmplifyShaderEditor", "AmplifyShaderEditor.csproj", "{F09700AC-714D-DAF7-02E8-7CF45223E42A}"
EndProject
Project("{FAE04EC0-301F-11D3-BF4B-00C04F79EFBC}") = "UnityEditor.UI", "UnityEditor.UI.csproj", "{B847A9E4-A76F-7E4A-629F-11BF7A66D8D1}"
EndProject
Project("{FAE04EC0-301F-11D3-BF4B-00C04F79EFBC}") = "Unity.InputSystem", "Unity.InputSystem.csproj", "{21F47F37-E92C-C85A-F634-45CEA968CC7F}"
EndProject
Project("{FAE04EC0-301F-11D3-BF4B-00C04F79EFBC}") = "Unity.Mathematics", "Unity.Mathematics.csproj", "{B8ACF9E9-D095-667A-2F3A-113E901EF10D}"
EndProject
Project("{FAE04EC0-301F-11D3-BF4B-00C04F79EFBC}") = "Cinemachine", "Cinemachine.csproj", "{0A5C42C7-D4D5-FF1F-1722-C2042B492B92}"
EndProject
Project("{FAE04EC0-301F-11D3-BF4B-00C04F79EFBC}") = "Unity.Collections", "Unity.Collections.csproj", "{79FC1210-850C-1BD9-03E2-2575CE409CD7}"
EndProject
Project("{FAE04EC0-301F-11D3-BF4B-00C04F79EFBC}") = "UdonSharp.Editor", "UdonSharp.Editor.csproj", "{82BB9E9D-0420-462E-89D6-565A9A9CA37F}"
EndProject
Project("{FAE04EC0-301F-11D3-BF4B-00C04F79EFBC}") = "UnityEditor.TestRunner", "UnityEditor.TestRunner.csproj", "{50A8536F-7862-BA49-3F21-6B1CEF8B1EEF}"
EndProject
Project("{FAE04EC0-301F-11D3-BF4B-00C04F79EFBC}") = "VRC.Udon.Editor", "VRC.Udon.Editor.csproj", "{CD05C0BF-E7D9-5340-F591-2ADCB6A1DF0F}"
EndProject
Project("{FAE04EC0-301F-11D3-BF4B-00C04F79EFBC}") = "VRC.SDKBase.Editor", "VRC.SDKBase.Editor.csproj", "{AF60D86E-08FF-A855-45EE-B06547581DAD}"
EndProject
Project("{FAE04EC0-301F-11D3-BF4B-00C04F79EFBC}") = "UnityEngine.TestRunner", "UnityEngine.TestRunner.csproj", "{C5BADE29-A8B1-F782-BCF1-6F9B1435EE2D}"
EndProject
Project("{FAE04EC0-301F-11D3-BF4B-00C04F79EFBC}") = "UniTask", "UniTask.csproj", "{11794240-12BE-2ACF-A05C-B5E11915D719}"
EndProject
Project("{FAE04EC0-301F-11D3-BF4B-00C04F79EFBC}") = "VRC.ClientSim", "VRC.ClientSim.csproj", "{14CCFAFC-A91E-9893-682A-D4B9661C5C44}"
EndProject
Project("{FAE04EC0-301F-11D3-BF4B-00C04F79EFBC}") = "UniTask.Linq", "UniTask.Linq.csproj", "{78E52BA7-DE43-D38F-33C7-FF219383E9B4}"
EndProject
Project("{FAE04EC0-301F-11D3-BF4B-00C04F79EFBC}") = "Unity.Burst", "Unity.Burst.csproj", "{D87F7210-8240-54BD-0516-6F39A22D9565}"
EndProject
Project("{FAE04EC0-301F-11D3-BF4B-00C04F79EFBC}") = "VRC.SDKBase", "VRC.SDKBase.csproj", "{02773FBF-2251-DF98-A3E7-8F2116CC38D8}"
EndProject
Project("{FAE04EC0-301F-11D3-BF4B-00C04F79EFBC}") = "Unity.XR.Management.Editor", "Unity.XR.Management.Editor.csproj", "{C0DEC65E-B2FF-78FA-AC5D-8C074B94813F}"
EndProject
Project("{FAE04EC0-301F-11D3-BF4B-00C04F79EFBC}") = "Unity.XR.Oculus", "Unity.XR.Oculus.csproj", "{06D853B9-0FD4-F8FF-A0B3-88C78F82B37E}"
EndProject
Project("{FAE04EC0-301F-11D3-BF4B-00C04F79EFBC}") = "UnityEngine.UI", "UnityEngine.UI.csproj", "{E7D9A612-E035-CBA3-E020-A8FD4516CFCC}"
EndProject
Project("{FAE04EC0-301F-11D3-BF4B-00C04F79EFBC}") = "VRC.ClientSim.Editor", "VRC.ClientSim.Editor.csproj", "{FD4D58D3-4E3F-8954-40F7-E7D3ED35E821}"
EndProject
Project("{FAE04EC0-301F-11D3-BF4B-00C04F79EFBC}") = "VRC.SDK3", "VRC.SDK3.csproj", "{70F75063-3A57-F6E5-496B-8A5929C775A7}"
EndProject
Project("{FAE04EC0-301F-11D3-BF4B-00C04F79EFBC}") = "Unity.VisualStudio.Editor", "Unity.VisualStudio.Editor.csproj", "{12180A5E-B9C2-4BF5-B934-9DBE440B1A25}"
EndProject
Project("{FAE04EC0-301F-11D3-BF4B-00C04F79EFBC}") = "Unity.XR.Oculus.Editor", "Unity.XR.Oculus.Editor.csproj", "{94F8A213-84F8-5629-6E31-3AD955E88090}"
EndProject
Project("{FAE04EC0-301F-11D3-BF4B-00C04F79EFBC}") = "com.unity.cinemachine.editor", "com.unity.cinemachine.editor.csproj", "{6C06CC2C-9902-1017-F560-9043EBA3A1BC}"
EndProject
Project("{FAE04EC0-301F-11D3-BF4B-00C04F79EFBC}") = "VRC.SDK3.Editor", "VRC.SDK3.Editor.csproj", "{A331C1EF-4160-2786-33F9-1807EF3A99CA}"
EndProject
Project("{FAE04EC0-301F-11D3-BF4B-00C04F79EFBC}") = "Unity.Rider.Editor", "Unity.Rider.Editor.csproj", "{AB5C72FD-FAE3-DA0B-0750-97D8DAE37B6B}"
EndProject
Project("{FAE04EC0-301F-11D3-BF4B-00C04F79EFBC}") = "Unity.Postprocessing.Runtime", "Unity.Postprocessing.Runtime.csproj", "{5453C56C-F6E5-05A3-C61B-19454625ADE1}"
EndProject
Project("{FAE04EC0-301F-11D3-BF4B-00C04F79EFBC}") = "UniTask.DOTween", "UniTask.DOTween.csproj", "{62C20012-ABD4-6825-CE20-C66BEC06294D}"
EndProject
Project("{FAE04EC0-301F-11D3-BF4B-00C04F79EFBC}") = "UnityEditor.XR.LegacyInputHelpers", "UnityEditor.XR.LegacyInputHelpers.csproj", "{EB8E135D-EF95-3AD3-B6F3-CBE582A837EA}"
EndProject
Project("{FAE04EC0-301F-11D3-BF4B-00C04F79EFBC}") = "Unity.Burst.CodeGen", "Unity.Burst.CodeGen.csproj", "{29F17582-25B0-EC43-0E60-BF52CF2461B2}"
EndProject
Project("{FAE04EC0-301F-11D3-BF4B-00C04F79EFBC}") = "UnityEditorTests", "UnityEditorTests.csproj", "{475AC574-596A-4C35-916E-A576FD189A0A}"
EndProject
Project("{FAE04EC0-301F-11D3-BF4B-00C04F79EFBC}") = "Unity.Postprocessing.Editor", "Unity.Postprocessing.Editor.csproj", "{5CB2A15E-4646-EFE3-99AF-5DADE37B0591}"
EndProject
Project("{FAE04EC0-301F-11D3-BF4B-00C04F79EFBC}") = "Unity.TextMeshPro", "Unity.TextMeshPro.csproj", "{2B0BD58F-0ADE-804E-5F9C-0152722056BB}"
EndProject
Project("{FAE04EC0-301F-11D3-BF4B-00C04F79EFBC}") = "VRC.Udon", "VRC.Udon.csproj", "{622924CC-18A5-E250-D6E7-B348E6D7D57D}"
EndProject
Project("{FAE04EC0-301F-11D3-BF4B-00C04F79EFBC}") = "Unity.VSCode.Editor", "Unity.VSCode.Editor.csproj", "{E20E79DB-69C1-9DCE-D781-26AF23648002}"
EndProject
Project("{FAE04EC0-301F-11D3-BF4B-00C04F79EFBC}") = "Assembly-CSharp", "Assembly-CSharp.csproj", "{DD0A727F-799C-097F-7990-837F2C7358CA}"
EndProject
Project("{FAE04EC0-301F-11D3-BF4B-00C04F79EFBC}") = "Unity.Burst.Editor", "Unity.Burst.Editor.csproj", "{ED53E84E-A85E-22B9-4623-ACC031173DD0}"
EndProject
Project("{FAE04EC0-301F-11D3-BF4B-00C04F79EFBC}") = "UnityEditor.SpatialTracking", "UnityEditor.SpatialTracking.csproj", "{0CDEADCF-7CFA-BB5D-DF88-64177AF9BA57}"
EndProject
Project("{FAE04EC0-301F-11D3-BF4B-00C04F79EFBC}") = "com.vrchat.core.vpm-resolver.Editor", "com.vrchat.core.vpm-resolver.Editor.csproj", "{5E8D7E35-E2EC-C02A-42B4-7F40C2E0FCC0}"
EndProject
Project("{FAE04EC0-301F-11D3-BF4B-00C04F79EFBC}") = "VRC.SDKBase.Editor.ShaderStripping", "VRC.SDKBase.Editor.ShaderStripping.csproj", "{BEEDF522-C3E8-0B2F-4060-E6366D2D329D}"
EndProject
Project("{FAE04EC0-301F-11D3-BF4B-00C04F79EFBC}") = "UdonSharp.Runtime", "UdonSharp.Runtime.csproj", "{88ACFFD5-37A8-F346-6FF4-26CEC5DC0017}"
EndProject
Project("{FAE04EC0-301F-11D3-BF4B-00C04F79EFBC}") = "UnityEngine.SpatialTracking", "UnityEngine.SpatialTracking.csproj", "{825D1D6E-9472-EC61-7AC8-A2B9475F7D29}"
EndProject
Project("{FAE04EC0-301F-11D3-BF4B-00C04F79EFBC}") = "UniTask.Editor", "UniTask.Editor.csproj", "{A09D364E-46F4-CBCB-631E-3BB8C6832B0A}"
EndProject
Project("{FAE04EC0-301F-11D3-BF4B-00C04F79EFBC}") = "Assembly-CSharp-Editor", "Assembly-CSharp-Editor.csproj", "{068A483A-CF13-1E5F-C4AC-E27388E82CAB}"
EndProject
Project("{FAE04EC0-301F-11D3-BF4B-00C04F79EFBC}") = "Unity.InputSystem.ForUI", "Unity.InputSystem.ForUI.csproj", "{79B9692A-F8F1-E359-D40E-33046F4EA862}"
EndProject
Project("{FAE04EC0-301F-11D3-BF4B-00C04F79EFBC}") = "Unity.Collections.CodeGen", "Unity.Collections.CodeGen.csproj", "{AC406AE3-EE8B-61E1-65F7-6568BC2BEBD5}"
EndProject
Project("{FAE04EC0-301F-11D3-BF4B-00C04F79EFBC}") = "Unity.Mathematics.Editor", "Unity.Mathematics.Editor.csproj", "{27411DD9-AE54-D69B-9E3C-F3D805B2998C}"
EndProject
Project("{FAE04EC0-301F-11D3-BF4B-00C04F79EFBC}") = "UdonSharp.Lib", "UdonSharp.Lib.csproj", "{A29A8C16-5FB0-420A-65D3-A8333B15A184}"
EndProject
Project("{FAE04EC0-301F-11D3-BF4B-00C04F79EFBC}") = "VRC.SDKBase.Editor.BuildPipeline", "VRC.SDKBase.Editor.BuildPipeline.csproj", "{0A6E16A0-9CBF-3C9B-D8D9-C4939E2B5963}"
EndProject
Project("{FAE04EC0-301F-11D3-BF4B-00C04F79EFBC}") = "Unity.Collections.Editor", "Unity.Collections.Editor.csproj", "{E8EFABF7-0A14-8281-1982-B8A2292D0AAE}"
EndProject
Project("{FAE04EC0-301F-11D3-BF4B-00C04F79EFBC}") = "Unity.InputSystem.TestFramework", "Unity.InputSystem.TestFramework.csproj", "{311D40C0-384E-FC27-AE39-A7CCD0387B09}"
EndProject
Project("{FAE04EC0-301F-11D3-BF4B-00C04F79EFBC}") = "UnityEngine.XR.LegacyInputHelpers", "UnityEngine.XR.LegacyInputHelpers.csproj", "{5D8C9FB3-DFD7-A945-6246-4403C4DCF156}"
EndProject
Project("{FAE04EC0-301F-11D3-BF4B-00C04F79EFBC}") = "UniTask.Addressables", "UniTask.Addressables.csproj", "{82CA338A-8B64-BFC3-F7F6-779762A1D5C5}"
EndProject
Project("{FAE04EC0-301F-11D3-BF4B-00C04F79EFBC}") = "UniTask.TextMeshPro", "UniTask.TextMeshPro.csproj", "{2B281FAF-9443-0202-6A4F-D94925A9FCD4}"
EndProject
Global
	GlobalSection(SolutionConfigurationPlatforms) = preSolution
		Debug|Any CPU = Debug|Any CPU
		Release|Any CPU = Release|Any CPU
	EndGlobalSection
	GlobalSection(ProjectConfigurationPlatforms) = postSolution
		{0BB574CB-8FAA-E512-EA6C-BC24D2E00D0B}.Debug|Any CPU.ActiveCfg = Debug|Any CPU
		{0BB574CB-8FAA-E512-EA6C-BC24D2E00D0B}.Debug|Any CPU.Build.0 = Debug|Any CPU
		{0BB574CB-8FAA-E512-EA6C-BC24D2E00D0B}.Release|Any CPU.ActiveCfg = Release|Any CPU
		{0BB574CB-8FAA-E512-EA6C-BC24D2E00D0B}.Release|Any CPU.Build.0 = Release|Any CPU
		{E9BEEA36-5AA3-9CCE-8D47-2478EB15616E}.Debug|Any CPU.ActiveCfg = Debug|Any CPU
		{E9BEEA36-5AA3-9CCE-8D47-2478EB15616E}.Debug|Any CPU.Build.0 = Debug|Any CPU
		{E9BEEA36-5AA3-9CCE-8D47-2478EB15616E}.Release|Any CPU.ActiveCfg = Release|Any CPU
		{E9BEEA36-5AA3-9CCE-8D47-2478EB15616E}.Release|Any CPU.Build.0 = Release|Any CPU
		{15BF8489-5E9B-06BA-ABD2-B2A3E0854207}.Debug|Any CPU.ActiveCfg = Debug|Any CPU
		{15BF8489-5E9B-06BA-ABD2-B2A3E0854207}.Debug|Any CPU.Build.0 = Debug|Any CPU
		{15BF8489-5E9B-06BA-ABD2-B2A3E0854207}.Release|Any CPU.ActiveCfg = Release|Any CPU
		{15BF8489-5E9B-06BA-ABD2-B2A3E0854207}.Release|Any CPU.Build.0 = Release|Any CPU
		{FB096E28-5CBD-5C94-48A3-DC59526EF2FC}.Debug|Any CPU.ActiveCfg = Debug|Any CPU
		{FB096E28-5CBD-5C94-48A3-DC59526EF2FC}.Debug|Any CPU.Build.0 = Debug|Any CPU
		{FB096E28-5CBD-5C94-48A3-DC59526EF2FC}.Release|Any CPU.ActiveCfg = Release|Any CPU
		{FB096E28-5CBD-5C94-48A3-DC59526EF2FC}.Release|Any CPU.Build.0 = Release|Any CPU
		{FF8482D4-9F0D-BCF1-EE6F-9CD722C07F8D}.Debug|Any CPU.ActiveCfg = Debug|Any CPU
		{FF8482D4-9F0D-BCF1-EE6F-9CD722C07F8D}.Debug|Any CPU.Build.0 = Debug|Any CPU
		{FF8482D4-9F0D-BCF1-EE6F-9CD722C07F8D}.Release|Any CPU.ActiveCfg = Release|Any CPU
		{FF8482D4-9F0D-BCF1-EE6F-9CD722C07F8D}.Release|Any CPU.Build.0 = Release|Any CPU
		{F09700AC-714D-DAF7-02E8-7CF45223E42A}.Debug|Any CPU.ActiveCfg = Debug|Any CPU
		{F09700AC-714D-DAF7-02E8-7CF45223E42A}.Debug|Any CPU.Build.0 = Debug|Any CPU
		{F09700AC-714D-DAF7-02E8-7CF45223E42A}.Release|Any CPU.ActiveCfg = Release|Any CPU
		{F09700AC-714D-DAF7-02E8-7CF45223E42A}.Release|Any CPU.Build.0 = Release|Any CPU
		{B847A9E4-A76F-7E4A-629F-11BF7A66D8D1}.Debug|Any CPU.ActiveCfg = Debug|Any CPU
		{B847A9E4-A76F-7E4A-629F-11BF7A66D8D1}.Debug|Any CPU.Build.0 = Debug|Any CPU
		{B847A9E4-A76F-7E4A-629F-11BF7A66D8D1}.Release|Any CPU.ActiveCfg = Release|Any CPU
		{B847A9E4-A76F-7E4A-629F-11BF7A66D8D1}.Release|Any CPU.Build.0 = Release|Any CPU
		{21F47F37-E92C-C85A-F634-45CEA968CC7F}.Debug|Any CPU.ActiveCfg = Debug|Any CPU
		{21F47F37-E92C-C85A-F634-45CEA968CC7F}.Debug|Any CPU.Build.0 = Debug|Any CPU
		{21F47F37-E92C-C85A-F634-45CEA968CC7F}.Release|Any CPU.ActiveCfg = Release|Any CPU
		{21F47F37-E92C-C85A-F634-45CEA968CC7F}.Release|Any CPU.Build.0 = Release|Any CPU
		{B8ACF9E9-D095-667A-2F3A-113E901EF10D}.Debug|Any CPU.ActiveCfg = Debug|Any CPU
		{B8ACF9E9-D095-667A-2F3A-113E901EF10D}.Debug|Any CPU.Build.0 = Debug|Any CPU
		{B8ACF9E9-D095-667A-2F3A-113E901EF10D}.Release|Any CPU.ActiveCfg = Release|Any CPU
		{B8ACF9E9-D095-667A-2F3A-113E901EF10D}.Release|Any CPU.Build.0 = Release|Any CPU
		{0A5C42C7-D4D5-FF1F-1722-C2042B492B92}.Debug|Any CPU.ActiveCfg = Debug|Any CPU
		{0A5C42C7-D4D5-FF1F-1722-C2042B492B92}.Debug|Any CPU.Build.0 = Debug|Any CPU
		{0A5C42C7-D4D5-FF1F-1722-C2042B492B92}.Release|Any CPU.ActiveCfg = Release|Any CPU
		{0A5C42C7-D4D5-FF1F-1722-C2042B492B92}.Release|Any CPU.Build.0 = Release|Any CPU
		{79FC1210-850C-1BD9-03E2-2575CE409CD7}.Debug|Any CPU.ActiveCfg = Debug|Any CPU
		{79FC1210-850C-1BD9-03E2-2575CE409CD7}.Debug|Any CPU.Build.0 = Debug|Any CPU
		{79FC1210-850C-1BD9-03E2-2575CE409CD7}.Release|Any CPU.ActiveCfg = Release|Any CPU
		{79FC1210-850C-1BD9-03E2-2575CE409CD7}.Release|Any CPU.Build.0 = Release|Any CPU
		{82BB9E9D-0420-462E-89D6-565A9A9CA37F}.Debug|Any CPU.ActiveCfg = Debug|Any CPU
		{82BB9E9D-0420-462E-89D6-565A9A9CA37F}.Debug|Any CPU.Build.0 = Debug|Any CPU
		{82BB9E9D-0420-462E-89D6-565A9A9CA37F}.Release|Any CPU.ActiveCfg = Release|Any CPU
		{82BB9E9D-0420-462E-89D6-565A9A9CA37F}.Release|Any CPU.Build.0 = Release|Any CPU
		{50A8536F-7862-BA49-3F21-6B1CEF8B1EEF}.Debug|Any CPU.ActiveCfg = Debug|Any CPU
		{50A8536F-7862-BA49-3F21-6B1CEF8B1EEF}.Debug|Any CPU.Build.0 = Debug|Any CPU
		{50A8536F-7862-BA49-3F21-6B1CEF8B1EEF}.Release|Any CPU.ActiveCfg = Release|Any CPU
		{50A8536F-7862-BA49-3F21-6B1CEF8B1EEF}.Release|Any CPU.Build.0 = Release|Any CPU
		{CD05C0BF-E7D9-5340-F591-2ADCB6A1DF0F}.Debug|Any CPU.ActiveCfg = Debug|Any CPU
		{CD05C0BF-E7D9-5340-F591-2ADCB6A1DF0F}.Debug|Any CPU.Build.0 = Debug|Any CPU
		{CD05C0BF-E7D9-5340-F591-2ADCB6A1DF0F}.Release|Any CPU.ActiveCfg = Release|Any CPU
		{CD05C0BF-E7D9-5340-F591-2ADCB6A1DF0F}.Release|Any CPU.Build.0 = Release|Any CPU
		{AF60D86E-08FF-A855-45EE-B06547581DAD}.Debug|Any CPU.ActiveCfg = Debug|Any CPU
		{AF60D86E-08FF-A855-45EE-B06547581DAD}.Debug|Any CPU.Build.0 = Debug|Any CPU
		{AF60D86E-08FF-A855-45EE-B06547581DAD}.Release|Any CPU.ActiveCfg = Release|Any CPU
		{AF60D86E-08FF-A855-45EE-B06547581DAD}.Release|Any CPU.Build.0 = Release|Any CPU
		{C5BADE29-A8B1-F782-BCF1-6F9B1435EE2D}.Debug|Any CPU.ActiveCfg = Debug|Any CPU
		{C5BADE29-A8B1-F782-BCF1-6F9B1435EE2D}.Debug|Any CPU.Build.0 = Debug|Any CPU
		{C5BADE29-A8B1-F782-BCF1-6F9B1435EE2D}.Release|Any CPU.ActiveCfg = Release|Any CPU
		{C5BADE29-A8B1-F782-BCF1-6F9B1435EE2D}.Release|Any CPU.Build.0 = Release|Any CPU
		{11794240-12BE-2ACF-A05C-B5E11915D719}.Debug|Any CPU.ActiveCfg = Debug|Any CPU
		{11794240-12BE-2ACF-A05C-B5E11915D719}.Debug|Any CPU.Build.0 = Debug|Any CPU
		{11794240-12BE-2ACF-A05C-B5E11915D719}.Release|Any CPU.ActiveCfg = Release|Any CPU
		{11794240-12BE-2ACF-A05C-B5E11915D719}.Release|Any CPU.Build.0 = Release|Any CPU
		{14CCFAFC-A91E-9893-682A-D4B9661C5C44}.Debug|Any CPU.ActiveCfg = Debug|Any CPU
		{14CCFAFC-A91E-9893-682A-D4B9661C5C44}.Debug|Any CPU.Build.0 = Debug|Any CPU
		{14CCFAFC-A91E-9893-682A-D4B9661C5C44}.Release|Any CPU.ActiveCfg = Release|Any CPU
		{14CCFAFC-A91E-9893-682A-D4B9661C5C44}.Release|Any CPU.Build.0 = Release|Any CPU
		{78E52BA7-DE43-D38F-33C7-FF219383E9B4}.Debug|Any CPU.ActiveCfg = Debug|Any CPU
		{78E52BA7-DE43-D38F-33C7-FF219383E9B4}.Debug|Any CPU.Build.0 = Debug|Any CPU
		{78E52BA7-DE43-D38F-33C7-FF219383E9B4}.Release|Any CPU.ActiveCfg = Release|Any CPU
		{78E52BA7-DE43-D38F-33C7-FF219383E9B4}.Release|Any CPU.Build.0 = Release|Any CPU
		{D87F7210-8240-54BD-0516-6F39A22D9565}.Debug|Any CPU.ActiveCfg = Debug|Any CPU
		{D87F7210-8240-54BD-0516-6F39A22D9565}.Debug|Any CPU.Build.0 = Debug|Any CPU
		{D87F7210-8240-54BD-0516-6F39A22D9565}.Release|Any CPU.ActiveCfg = Release|Any CPU
		{D87F7210-8240-54BD-0516-6F39A22D9565}.Release|Any CPU.Build.0 = Release|Any CPU
		{02773FBF-2251-DF98-A3E7-8F2116CC38D8}.Debug|Any CPU.ActiveCfg = Debug|Any CPU
		{02773FBF-2251-DF98-A3E7-8F2116CC38D8}.Debug|Any CPU.Build.0 = Debug|Any CPU
		{02773FBF-2251-DF98-A3E7-8F2116CC38D8}.Release|Any CPU.ActiveCfg = Release|Any CPU
		{02773FBF-2251-DF98-A3E7-8F2116CC38D8}.Release|Any CPU.Build.0 = Release|Any CPU
		{C0DEC65E-B2FF-78FA-AC5D-8C074B94813F}.Debug|Any CPU.ActiveCfg = Debug|Any CPU
		{C0DEC65E-B2FF-78FA-AC5D-8C074B94813F}.Debug|Any CPU.Build.0 = Debug|Any CPU
		{C0DEC65E-B2FF-78FA-AC5D-8C074B94813F}.Release|Any CPU.ActiveCfg = Release|Any CPU
		{C0DEC65E-B2FF-78FA-AC5D-8C074B94813F}.Release|Any CPU.Build.0 = Release|Any CPU
		{06D853B9-0FD4-F8FF-A0B3-88C78F82B37E}.Debug|Any CPU.ActiveCfg = Debug|Any CPU
		{06D853B9-0FD4-F8FF-A0B3-88C78F82B37E}.Debug|Any CPU.Build.0 = Debug|Any CPU
		{06D853B9-0FD4-F8FF-A0B3-88C78F82B37E}.Release|Any CPU.ActiveCfg = Release|Any CPU
		{06D853B9-0FD4-F8FF-A0B3-88C78F82B37E}.Release|Any CPU.Build.0 = Release|Any CPU
		{E7D9A612-E035-CBA3-E020-A8FD4516CFCC}.Debug|Any CPU.ActiveCfg = Debug|Any CPU
		{E7D9A612-E035-CBA3-E020-A8FD4516CFCC}.Debug|Any CPU.Build.0 = Debug|Any CPU
		{E7D9A612-E035-CBA3-E020-A8FD4516CFCC}.Release|Any CPU.ActiveCfg = Release|Any CPU
		{E7D9A612-E035-CBA3-E020-A8FD4516CFCC}.Release|Any CPU.Build.0 = Release|Any CPU
		{FD4D58D3-4E3F-8954-40F7-E7D3ED35E821}.Debug|Any CPU.ActiveCfg = Debug|Any CPU
		{FD4D58D3-4E3F-8954-40F7-E7D3ED35E821}.Debug|Any CPU.Build.0 = Debug|Any CPU
		{FD4D58D3-4E3F-8954-40F7-E7D3ED35E821}.Release|Any CPU.ActiveCfg = Release|Any CPU
		{FD4D58D3-4E3F-8954-40F7-E7D3ED35E821}.Release|Any CPU.Build.0 = Release|Any CPU
		{70F75063-3A57-F6E5-496B-8A5929C775A7}.Debug|Any CPU.ActiveCfg = Debug|Any CPU
		{70F75063-3A57-F6E5-496B-8A5929C775A7}.Debug|Any CPU.Build.0 = Debug|Any CPU
		{70F75063-3A57-F6E5-496B-8A5929C775A7}.Release|Any CPU.ActiveCfg = Release|Any CPU
		{70F75063-3A57-F6E5-496B-8A5929C775A7}.Release|Any CPU.Build.0 = Release|Any CPU
		{12180A5E-B9C2-4BF5-B934-9DBE440B1A25}.Debug|Any CPU.ActiveCfg = Debug|Any CPU
		{12180A5E-B9C2-4BF5-B934-9DBE440B1A25}.Debug|Any CPU.Build.0 = Debug|Any CPU
		{12180A5E-B9C2-4BF5-B934-9DBE440B1A25}.Release|Any CPU.ActiveCfg = Release|Any CPU
		{12180A5E-B9C2-4BF5-B934-9DBE440B1A25}.Release|Any CPU.Build.0 = Release|Any CPU
		{94F8A213-84F8-5629-6E31-3AD955E88090}.Debug|Any CPU.ActiveCfg = Debug|Any CPU
		{94F8A213-84F8-5629-6E31-3AD955E88090}.Debug|Any CPU.Build.0 = Debug|Any CPU
		{94F8A213-84F8-5629-6E31-3AD955E88090}.Release|Any CPU.ActiveCfg = Release|Any CPU
		{94F8A213-84F8-5629-6E31-3AD955E88090}.Release|Any CPU.Build.0 = Release|Any CPU
		{6C06CC2C-9902-1017-F560-9043EBA3A1BC}.Debug|Any CPU.ActiveCfg = Debug|Any CPU
		{6C06CC2C-9902-1017-F560-9043EBA3A1BC}.Debug|Any CPU.Build.0 = Debug|Any CPU
		{6C06CC2C-9902-1017-F560-9043EBA3A1BC}.Release|Any CPU.ActiveCfg = Release|Any CPU
		{6C06CC2C-9902-1017-F560-9043EBA3A1BC}.Release|Any CPU.Build.0 = Release|Any CPU
		{A331C1EF-4160-2786-33F9-1807EF3A99CA}.Debug|Any CPU.ActiveCfg = Debug|Any CPU
		{A331C1EF-4160-2786-33F9-1807EF3A99CA}.Debug|Any CPU.Build.0 = Debug|Any CPU
		{A331C1EF-4160-2786-33F9-1807EF3A99CA}.Release|Any CPU.ActiveCfg = Release|Any CPU
		{A331C1EF-4160-2786-33F9-1807EF3A99CA}.Release|Any CPU.Build.0 = Release|Any CPU
		{AB5C72FD-FAE3-DA0B-0750-97D8DAE37B6B}.Debug|Any CPU.ActiveCfg = Debug|Any CPU
		{AB5C72FD-FAE3-DA0B-0750-97D8DAE37B6B}.Debug|Any CPU.Build.0 = Debug|Any CPU
		{AB5C72FD-FAE3-DA0B-0750-97D8DAE37B6B}.Release|Any CPU.ActiveCfg = Release|Any CPU
		{AB5C72FD-FAE3-DA0B-0750-97D8DAE37B6B}.Release|Any CPU.Build.0 = Release|Any CPU
		{5453C56C-F6E5-05A3-C61B-19454625ADE1}.Debug|Any CPU.ActiveCfg = Debug|Any CPU
		{5453C56C-F6E5-05A3-C61B-19454625ADE1}.Debug|Any CPU.Build.0 = Debug|Any CPU
		{5453C56C-F6E5-05A3-C61B-19454625ADE1}.Release|Any CPU.ActiveCfg = Release|Any CPU
		{5453C56C-F6E5-05A3-C61B-19454625ADE1}.Release|Any CPU.Build.0 = Release|Any CPU
		{62C20012-ABD4-6825-CE20-C66BEC06294D}.Debug|Any CPU.ActiveCfg = Debug|Any CPU
		{62C20012-ABD4-6825-CE20-C66BEC06294D}.Debug|Any CPU.Build.0 = Debug|Any CPU
		{62C20012-ABD4-6825-CE20-C66BEC06294D}.Release|Any CPU.ActiveCfg = Release|Any CPU
		{62C20012-ABD4-6825-CE20-C66BEC06294D}.Release|Any CPU.Build.0 = Release|Any CPU
		{EB8E135D-EF95-3AD3-B6F3-CBE582A837EA}.Debug|Any CPU.ActiveCfg = Debug|Any CPU
		{EB8E135D-EF95-3AD3-B6F3-CBE582A837EA}.Debug|Any CPU.Build.0 = Debug|Any CPU
		{EB8E135D-EF95-3AD3-B6F3-CBE582A837EA}.Release|Any CPU.ActiveCfg = Release|Any CPU
		{EB8E135D-EF95-3AD3-B6F3-CBE582A837EA}.Release|Any CPU.Build.0 = Release|Any CPU
		{29F17582-25B0-EC43-0E60-BF52CF2461B2}.Debug|Any CPU.ActiveCfg = Debug|Any CPU
		{29F17582-25B0-EC43-0E60-BF52CF2461B2}.Debug|Any CPU.Build.0 = Debug|Any CPU
		{29F17582-25B0-EC43-0E60-BF52CF2461B2}.Release|Any CPU.ActiveCfg = Release|Any CPU
		{29F17582-25B0-EC43-0E60-BF52CF2461B2}.Release|Any CPU.Build.0 = Release|Any CPU
		{475AC574-596A-4C35-916E-A576FD189A0A}.Debug|Any CPU.ActiveCfg = Debug|Any CPU
		{475AC574-596A-4C35-916E-A576FD189A0A}.Debug|Any CPU.Build.0 = Debug|Any CPU
		{475AC574-596A-4C35-916E-A576FD189A0A}.Release|Any CPU.ActiveCfg = Release|Any CPU
		{475AC574-596A-4C35-916E-A576FD189A0A}.Release|Any CPU.Build.0 = Release|Any CPU
		{5CB2A15E-4646-EFE3-99AF-5DADE37B0591}.Debug|Any CPU.ActiveCfg = Debug|Any CPU
		{5CB2A15E-4646-EFE3-99AF-5DADE37B0591}.Debug|Any CPU.Build.0 = Debug|Any CPU
		{5CB2A15E-4646-EFE3-99AF-5DADE37B0591}.Release|Any CPU.ActiveCfg = Release|Any CPU
		{5CB2A15E-4646-EFE3-99AF-5DADE37B0591}.Release|Any CPU.Build.0 = Release|Any CPU
		{2B0BD58F-0ADE-804E-5F9C-0152722056BB}.Debug|Any CPU.ActiveCfg = Debug|Any CPU
		{2B0BD58F-0ADE-804E-5F9C-0152722056BB}.Debug|Any CPU.Build.0 = Debug|Any CPU
		{2B0BD58F-0ADE-804E-5F9C-0152722056BB}.Release|Any CPU.ActiveCfg = Release|Any CPU
		{2B0BD58F-0ADE-804E-5F9C-0152722056BB}.Release|Any CPU.Build.0 = Release|Any CPU
		{622924CC-18A5-E250-D6E7-B348E6D7D57D}.Debug|Any CPU.ActiveCfg = Debug|Any CPU
		{622924CC-18A5-E250-D6E7-B348E6D7D57D}.Debug|Any CPU.Build.0 = Debug|Any CPU
		{622924CC-18A5-E250-D6E7-B348E6D7D57D}.Release|Any CPU.ActiveCfg = Release|Any CPU
		{622924CC-18A5-E250-D6E7-B348E6D7D57D}.Release|Any CPU.Build.0 = Release|Any CPU
		{E20E79DB-69C1-9DCE-D781-26AF23648002}.Debug|Any CPU.ActiveCfg = Debug|Any CPU
		{E20E79DB-69C1-9DCE-D781-26AF23648002}.Debug|Any CPU.Build.0 = Debug|Any CPU
		{E20E79DB-69C1-9DCE-D781-26AF23648002}.Release|Any CPU.ActiveCfg = Release|Any CPU
		{E20E79DB-69C1-9DCE-D781-26AF23648002}.Release|Any CPU.Build.0 = Release|Any CPU
		{DD0A727F-799C-097F-7990-837F2C7358CA}.Debug|Any CPU.ActiveCfg = Debug|Any CPU
		{DD0A727F-799C-097F-7990-837F2C7358CA}.Debug|Any CPU.Build.0 = Debug|Any CPU
		{DD0A727F-799C-097F-7990-837F2C7358CA}.Release|Any CPU.ActiveCfg = Release|Any CPU
		{DD0A727F-799C-097F-7990-837F2C7358CA}.Release|Any CPU.Build.0 = Release|Any CPU
		{ED53E84E-A85E-22B9-4623-ACC031173DD0}.Debug|Any CPU.ActiveCfg = Debug|Any CPU
		{ED53E84E-A85E-22B9-4623-ACC031173DD0}.Debug|Any CPU.Build.0 = Debug|Any CPU
		{ED53E84E-A85E-22B9-4623-ACC031173DD0}.Release|Any CPU.ActiveCfg = Release|Any CPU
		{ED53E84E-A85E-22B9-4623-ACC031173DD0}.Release|Any CPU.Build.0 = Release|Any CPU
		{0CDEADCF-7CFA-BB5D-DF88-64177AF9BA57}.Debug|Any CPU.ActiveCfg = Debug|Any CPU
		{0CDEADCF-7CFA-BB5D-DF88-64177AF9BA57}.Debug|Any CPU.Build.0 = Debug|Any CPU
		{0CDEADCF-7CFA-BB5D-DF88-64177AF9BA57}.Release|Any CPU.ActiveCfg = Release|Any CPU
		{0CDEADCF-7CFA-BB5D-DF88-64177AF9BA57}.Release|Any CPU.Build.0 = Release|Any CPU
		{5E8D7E35-E2EC-C02A-42B4-7F40C2E0FCC0}.Debug|Any CPU.ActiveCfg = Debug|Any CPU
		{5E8D7E35-E2EC-C02A-42B4-7F40C2E0FCC0}.Debug|Any CPU.Build.0 = Debug|Any CPU
		{5E8D7E35-E2EC-C02A-42B4-7F40C2E0FCC0}.Release|Any CPU.ActiveCfg = Release|Any CPU
		{5E8D7E35-E2EC-C02A-42B4-7F40C2E0FCC0}.Release|Any CPU.Build.0 = Release|Any CPU
		{BEEDF522-C3E8-0B2F-4060-E6366D2D329D}.Debug|Any CPU.ActiveCfg = Debug|Any CPU
		{BEEDF522-C3E8-0B2F-4060-E6366D2D329D}.Debug|Any CPU.Build.0 = Debug|Any CPU
		{BEEDF522-C3E8-0B2F-4060-E6366D2D329D}.Release|Any CPU.ActiveCfg = Release|Any CPU
		{BEEDF522-C3E8-0B2F-4060-E6366D2D329D}.Release|Any CPU.Build.0 = Release|Any CPU
		{88ACFFD5-37A8-F346-6FF4-26CEC5DC0017}.Debug|Any CPU.ActiveCfg = Debug|Any CPU
		{88ACFFD5-37A8-F346-6FF4-26CEC5DC0017}.Debug|Any CPU.Build.0 = Debug|Any CPU
		{88ACFFD5-37A8-F346-6FF4-26CEC5DC0017}.Release|Any CPU.ActiveCfg = Release|Any CPU
		{88ACFFD5-37A8-F346-6FF4-26CEC5DC0017}.Release|Any CPU.Build.0 = Release|Any CPU
		{825D1D6E-9472-EC61-7AC8-A2B9475F7D29}.Debug|Any CPU.ActiveCfg = Debug|Any CPU
		{825D1D6E-9472-EC61-7AC8-A2B9475F7D29}.Debug|Any CPU.Build.0 = Debug|Any CPU
		{825D1D6E-9472-EC61-7AC8-A2B9475F7D29}.Release|Any CPU.ActiveCfg = Release|Any CPU
		{825D1D6E-9472-EC61-7AC8-A2B9475F7D29}.Release|Any CPU.Build.0 = Release|Any CPU
		{A09D364E-46F4-CBCB-631E-3BB8C6832B0A}.Debug|Any CPU.ActiveCfg = Debug|Any CPU
		{A09D364E-46F4-CBCB-631E-3BB8C6832B0A}.Debug|Any CPU.Build.0 = Debug|Any CPU
		{A09D364E-46F4-CBCB-631E-3BB8C6832B0A}.Release|Any CPU.ActiveCfg = Release|Any CPU
		{A09D364E-46F4-CBCB-631E-3BB8C6832B0A}.Release|Any CPU.Build.0 = Release|Any CPU
		{068A483A-CF13-1E5F-C4AC-E27388E82CAB}.Debug|Any CPU.ActiveCfg = Debug|Any CPU
		{068A483A-CF13-1E5F-C4AC-E27388E82CAB}.Debug|Any CPU.Build.0 = Debug|Any CPU
		{068A483A-CF13-1E5F-C4AC-E27388E82CAB}.Release|Any CPU.ActiveCfg = Release|Any CPU
		{068A483A-CF13-1E5F-C4AC-E27388E82CAB}.Release|Any CPU.Build.0 = Release|Any CPU
		{79B9692A-F8F1-E359-D40E-33046F4EA862}.Debug|Any CPU.ActiveCfg = Debug|Any CPU
		{79B9692A-F8F1-E359-D40E-33046F4EA862}.Debug|Any CPU.Build.0 = Debug|Any CPU
		{79B9692A-F8F1-E359-D40E-33046F4EA862}.Release|Any CPU.ActiveCfg = Release|Any CPU
		{79B9692A-F8F1-E359-D40E-33046F4EA862}.Release|Any CPU.Build.0 = Release|Any CPU
		{AC406AE3-EE8B-61E1-65F7-6568BC2BEBD5}.Debug|Any CPU.ActiveCfg = Debug|Any CPU
		{AC406AE3-EE8B-61E1-65F7-6568BC2BEBD5}.Debug|Any CPU.Build.0 = Debug|Any CPU
		{AC406AE3-EE8B-61E1-65F7-6568BC2BEBD5}.Release|Any CPU.ActiveCfg = Release|Any CPU
		{AC406AE3-EE8B-61E1-65F7-6568BC2BEBD5}.Release|Any CPU.Build.0 = Release|Any CPU
		{27411DD9-AE54-D69B-9E3C-F3D805B2998C}.Debug|Any CPU.ActiveCfg = Debug|Any CPU
		{27411DD9-AE54-D69B-9E3C-F3D805B2998C}.Debug|Any CPU.Build.0 = Debug|Any CPU
		{27411DD9-AE54-D69B-9E3C-F3D805B2998C}.Release|Any CPU.ActiveCfg = Release|Any CPU
		{27411DD9-AE54-D69B-9E3C-F3D805B2998C}.Release|Any CPU.Build.0 = Release|Any CPU
		{A29A8C16-5FB0-420A-65D3-A8333B15A184}.Debug|Any CPU.ActiveCfg = Debug|Any CPU
		{A29A8C16-5FB0-420A-65D3-A8333B15A184}.Debug|Any CPU.Build.0 = Debug|Any CPU
		{A29A8C16-5FB0-420A-65D3-A8333B15A184}.Release|Any CPU.ActiveCfg = Release|Any CPU
		{A29A8C16-5FB0-420A-65D3-A8333B15A184}.Release|Any CPU.Build.0 = Release|Any CPU
		{0A6E16A0-9CBF-3C9B-D8D9-C4939E2B5963}.Debug|Any CPU.ActiveCfg = Debug|Any CPU
		{0A6E16A0-9CBF-3C9B-D8D9-C4939E2B5963}.Debug|Any CPU.Build.0 = Debug|Any CPU
		{0A6E16A0-9CBF-3C9B-D8D9-C4939E2B5963}.Release|Any CPU.ActiveCfg = Release|Any CPU
		{0A6E16A0-9CBF-3C9B-D8D9-C4939E2B5963}.Release|Any CPU.Build.0 = Release|Any CPU
		{E8EFABF7-0A14-8281-1982-B8A2292D0AAE}.Debug|Any CPU.ActiveCfg = Debug|Any CPU
		{E8EFABF7-0A14-8281-1982-B8A2292D0AAE}.Debug|Any CPU.Build.0 = Debug|Any CPU
		{E8EFABF7-0A14-8281-1982-B8A2292D0AAE}.Release|Any CPU.ActiveCfg = Release|Any CPU
		{E8EFABF7-0A14-8281-1982-B8A2292D0AAE}.Release|Any CPU.Build.0 = Release|Any CPU
		{311D40C0-384E-FC27-AE39-A7CCD0387B09}.Debug|Any CPU.ActiveCfg = Debug|Any CPU
		{311D40C0-384E-FC27-AE39-A7CCD0387B09}.Debug|Any CPU.Build.0 = Debug|Any CPU
		{311D40C0-384E-FC27-AE39-A7CCD0387B09}.Release|Any CPU.ActiveCfg = Release|Any CPU
		{311D40C0-384E-FC27-AE39-A7CCD0387B09}.Release|Any CPU.Build.0 = Release|Any CPU
		{5D8C9FB3-DFD7-A945-6246-4403C4DCF156}.Debug|Any CPU.ActiveCfg = Debug|Any CPU
		{5D8C9FB3-DFD7-A945-6246-4403C4DCF156}.Debug|Any CPU.Build.0 = Debug|Any CPU
		{5D8C9FB3-DFD7-A945-6246-4403C4DCF156}.Release|Any CPU.ActiveCfg = Release|Any CPU
		{5D8C9FB3-DFD7-A945-6246-4403C4DCF156}.Release|Any CPU.Build.0 = Release|Any CPU
		{82CA338A-8B64-BFC3-F7F6-779762A1D5C5}.Debug|Any CPU.ActiveCfg = Debug|Any CPU
		{82CA338A-8B64-BFC3-F7F6-779762A1D5C5}.Debug|Any CPU.Build.0 = Debug|Any CPU
		{82CA338A-8B64-BFC3-F7F6-779762A1D5C5}.Release|Any CPU.ActiveCfg = Release|Any CPU
		{82CA338A-8B64-BFC3-F7F6-779762A1D5C5}.Release|Any CPU.Build.0 = Release|Any CPU
		{2B281FAF-9443-0202-6A4F-D94925A9FCD4}.Debug|Any CPU.ActiveCfg = Debug|Any CPU
		{2B281FAF-9443-0202-6A4F-D94925A9FCD4}.Debug|Any CPU.Build.0 = Debug|Any CPU
		{2B281FAF-9443-0202-6A4F-D94925A9FCD4}.Release|Any CPU.ActiveCfg = Release|Any CPU
		{2B281FAF-9443-0202-6A4F-D94925A9FCD4}.Release|Any CPU.Build.0 = Release|Any CPU
	EndGlobalSection
	GlobalSection(SolutionProperties) = preSolution
		HideSolutionNode = FALSE
	EndGlobalSection
EndGlobal
